// !$*UTF8*$!
{
	archiveVersion = 1;
	classes = {
	};
	objectVersion = 55;
	objects = {

/* Begin PBXBuildFile section */
		1F150E023AD7E705CF1EBA28 /* Pods_WebViewKit_WebViewKitUITests.framework in Frameworks */ = {isa = PBXBuildFile; fileRef = 97D812FE7E4DA99AD364AFA1 /* Pods_WebViewKit_WebViewKitUITests.framework */; };
		C94CFF09278BC96F005816D7 /* Defines.swift in Sources */ = {isa = PBXBuildFile; fileRef = C94CFF08278BC96F005816D7 /* Defines.swift */; };
		C94CFF0C278BCEA2005816D7 /* MainVC.swift in Sources */ = {isa = PBXBuildFile; fileRef = C94CFF0B278BCEA2005816D7 /* MainVC.swift */; };
		C94CFF0E278BD42C005816D7 /* SplashVC.swift in Sources */ = {isa = PBXBuildFile; fileRef = C94CFF0D278BD42C005816D7 /* SplashVC.swift */; };
		C94CFF13278BFDA2005816D7 /* ic_won.png in Resources */ = {isa = PBXBuildFile; fileRef = C94CFF12278BFDA2005816D7 /* ic_won.png */; };
		C94CFF17278BFF65005816D7 /* a.jpg in Resources */ = {isa = PBXBuildFile; fileRef = C94CFF16278BFF65005816D7 /* a.jpg */; };
		C952A7C227883297005715ED /* AppDelegate.swift in Sources */ = {isa = PBXBuildFile; fileRef = C952A7C127883297005715ED /* AppDelegate.swift */; };
		C952A7C427883297005715ED /* SceneDelegate.swift in Sources */ = {isa = PBXBuildFile; fileRef = C952A7C327883297005715ED /* SceneDelegate.swift */; };
		C952A7C927883297005715ED /* Main.storyboard in Resources */ = {isa = PBXBuildFile; fileRef = C952A7C727883297005715ED /* Main.storyboard */; };
		C952A7CB27883299005715ED /* Assets.xcassets in Resources */ = {isa = PBXBuildFile; fileRef = C952A7CA27883299005715ED /* Assets.xcassets */; };
		C952A7CE27883299005715ED /* LaunchScreen.storyboard in Resources */ = {isa = PBXBuildFile; fileRef = C952A7CC27883299005715ED /* LaunchScreen.storyboard */; };
		C952A7D927883299005715ED /* WebViewKitTests.swift in Sources */ = {isa = PBXBuildFile; fileRef = C952A7D827883299005715ED /* WebViewKitTests.swift */; };
		C952A7E327883299005715ED /* WebViewKitUITests.swift in Sources */ = {isa = PBXBuildFile; fileRef = C952A7E227883299005715ED /* WebViewKitUITests.swift */; };
		C952A7E527883299005715ED /* WebViewKitUITestsLaunchTests.swift in Sources */ = {isa = PBXBuildFile; fileRef = C952A7E427883299005715ED /* WebViewKitUITestsLaunchTests.swift */; };
		EB3204C7E0D9C94CD92EE552 /* Pods_WebViewKit.framework in Frameworks */ = {isa = PBXBuildFile; fileRef = AAE1FE4660D858169392B1C1 /* Pods_WebViewKit.framework */; };
		FFC4FDE0CCC60CD03CFF5152 /* Pods_WebViewKitTests.framework in Frameworks */ = {isa = PBXBuildFile; fileRef = EA1E778AF57DE6389E15DEC2 /* Pods_WebViewKitTests.framework */; };
/* End PBXBuildFile section */

/* Begin PBXContainerItemProxy section */
		C952A7D527883299005715ED /* PBXContainerItemProxy */ = {
			isa = PBXContainerItemProxy;
			containerPortal = C952A7B627883297005715ED /* Project object */;
			proxyType = 1;
			remoteGlobalIDString = C952A7BD27883297005715ED;
			remoteInfo = WebViewKit;
		};
		C952A7DF27883299005715ED /* PBXContainerItemProxy */ = {
			isa = PBXContainerItemProxy;
			containerPortal = C952A7B627883297005715ED /* Project object */;
			proxyType = 1;
			remoteGlobalIDString = C952A7BD27883297005715ED;
			remoteInfo = WebViewKit;
		};
/* End PBXContainerItemProxy section */

/* Begin PBXFileReference section */
		086E82E1EB89395AC99D89A6 /* Pods-WebViewKit-WebViewKitUITests.release.xcconfig */ = {isa = PBXFileReference; includeInIndex = 1; lastKnownFileType = text.xcconfig; name = "Pods-WebViewKit-WebViewKitUITests.release.xcconfig"; path = "Target Support Files/Pods-WebViewKit-WebViewKitUITests/Pods-WebViewKit-WebViewKitUITests.release.xcconfig"; sourceTree = "<group>"; };
		3E2253183D99790619F76F23 /* Pods-WebViewKitTests.release.xcconfig */ = {isa = PBXFileReference; includeInIndex = 1; lastKnownFileType = text.xcconfig; name = "Pods-WebViewKitTests.release.xcconfig"; path = "Target Support Files/Pods-WebViewKitTests/Pods-WebViewKitTests.release.xcconfig"; sourceTree = "<group>"; };
		4620973E98E7B312A5E40728 /* Pods-WebViewKit.release.xcconfig */ = {isa = PBXFileReference; includeInIndex = 1; lastKnownFileType = text.xcconfig; name = "Pods-WebViewKit.release.xcconfig"; path = "Target Support Files/Pods-WebViewKit/Pods-WebViewKit.release.xcconfig"; sourceTree = "<group>"; };
		8A654283388361E153F98E1C /* Pods-WebViewKitTests.debug.xcconfig */ = {isa = PBXFileReference; includeInIndex = 1; lastKnownFileType = text.xcconfig; name = "Pods-WebViewKitTests.debug.xcconfig"; path = "Target Support Files/Pods-WebViewKitTests/Pods-WebViewKitTests.debug.xcconfig"; sourceTree = "<group>"; };
		97D812FE7E4DA99AD364AFA1 /* Pods_WebViewKit_WebViewKitUITests.framework */ = {isa = PBXFileReference; explicitFileType = wrapper.framework; includeInIndex = 0; path = Pods_WebViewKit_WebViewKitUITests.framework; sourceTree = BUILT_PRODUCTS_DIR; };
		AAE1FE4660D858169392B1C1 /* Pods_WebViewKit.framework */ = {isa = PBXFileReference; explicitFileType = wrapper.framework; includeInIndex = 0; path = Pods_WebViewKit.framework; sourceTree = BUILT_PRODUCTS_DIR; };
		AFA361B5D514525997F0B07A /* Pods-WebViewKit.debug.xcconfig */ = {isa = PBXFileReference; includeInIndex = 1; lastKnownFileType = text.xcconfig; name = "Pods-WebViewKit.debug.xcconfig"; path = "Target Support Files/Pods-WebViewKit/Pods-WebViewKit.debug.xcconfig"; sourceTree = "<group>"; };
		C27F3FB5C54D9FE661A57B40 /* Pods-WebViewKit-WebViewKitUITests.debug.xcconfig */ = {isa = PBXFileReference; includeInIndex = 1; lastKnownFileType = text.xcconfig; name = "Pods-WebViewKit-WebViewKitUITests.debug.xcconfig"; path = "Target Support Files/Pods-WebViewKit-WebViewKitUITests/Pods-WebViewKit-WebViewKitUITests.debug.xcconfig"; sourceTree = "<group>"; };
		C94CFF08278BC96F005816D7 /* Defines.swift */ = {isa = PBXFileReference; lastKnownFileType = sourcecode.swift; path = Defines.swift; sourceTree = "<group>"; };
		C94CFF0B278BCEA2005816D7 /* MainVC.swift */ = {isa = PBXFileReference; lastKnownFileType = sourcecode.swift; path = MainVC.swift; sourceTree = "<group>"; };
		C94CFF0D278BD42C005816D7 /* SplashVC.swift */ = {isa = PBXFileReference; lastKnownFileType = sourcecode.swift; path = SplashVC.swift; sourceTree = "<group>"; };
		C94CFF12278BFDA2005816D7 /* ic_won.png */ = {isa = PBXFileReference; lastKnownFileType = image.png; path = ic_won.png; sourceTree = "<group>"; };
		C94CFF16278BFF65005816D7 /* a.jpg */ = {isa = PBXFileReference; lastKnownFileType = image.jpeg; path = a.jpg; sourceTree = "<group>"; };
		C952A7BE27883297005715ED /* WebViewKit.app */ = {isa = PBXFileReference; explicitFileType = wrapper.application; includeInIndex = 0; path = WebViewKit.app; sourceTree = BUILT_PRODUCTS_DIR; };
		C952A7C127883297005715ED /* AppDelegate.swift */ = {isa = PBXFileReference; lastKnownFileType = sourcecode.swift; path = AppDelegate.swift; sourceTree = "<group>"; };
		C952A7C327883297005715ED /* SceneDelegate.swift */ = {isa = PBXFileReference; lastKnownFileType = sourcecode.swift; path = SceneDelegate.swift; sourceTree = "<group>"; };
		C952A7C827883297005715ED /* Base */ = {isa = PBXFileReference; lastKnownFileType = file.storyboard; name = Base; path = Base.lproj/Main.storyboard; sourceTree = "<group>"; };
		C952A7CA27883299005715ED /* Assets.xcassets */ = {isa = PBXFileReference; lastKnownFileType = folder.assetcatalog; path = Assets.xcassets; sourceTree = "<group>"; };
		C952A7CD27883299005715ED /* Base */ = {isa = PBXFileReference; lastKnownFileType = file.storyboard; name = Base; path = Base.lproj/LaunchScreen.storyboard; sourceTree = "<group>"; };
		C952A7CF27883299005715ED /* Info.plist */ = {isa = PBXFileReference; lastKnownFileType = text.plist.xml; path = Info.plist; sourceTree = "<group>"; };
		C952A7D427883299005715ED /* WebViewKitTests.xctest */ = {isa = PBXFileReference; explicitFileType = wrapper.cfbundle; includeInIndex = 0; path = WebViewKitTests.xctest; sourceTree = BUILT_PRODUCTS_DIR; };
		C952A7D827883299005715ED /* WebViewKitTests.swift */ = {isa = PBXFileReference; lastKnownFileType = sourcecode.swift; path = WebViewKitTests.swift; sourceTree = "<group>"; };
		C952A7DE27883299005715ED /* WebViewKitUITests.xctest */ = {isa = PBXFileReference; explicitFileType = wrapper.cfbundle; includeInIndex = 0; path = WebViewKitUITests.xctest; sourceTree = BUILT_PRODUCTS_DIR; };
		C952A7E227883299005715ED /* WebViewKitUITests.swift */ = {isa = PBXFileReference; lastKnownFileType = sourcecode.swift; path = WebViewKitUITests.swift; sourceTree = "<group>"; };
		C952A7E427883299005715ED /* WebViewKitUITestsLaunchTests.swift */ = {isa = PBXFileReference; lastKnownFileType = sourcecode.swift; path = WebViewKitUITestsLaunchTests.swift; sourceTree = "<group>"; };
		EA1E778AF57DE6389E15DEC2 /* Pods_WebViewKitTests.framework */ = {isa = PBXFileReference; explicitFileType = wrapper.framework; includeInIndex = 0; path = Pods_WebViewKitTests.framework; sourceTree = BUILT_PRODUCTS_DIR; };
/* End PBXFileReference section */

/* Begin PBXFrameworksBuildPhase section */
		C952A7BB27883297005715ED /* Frameworks */ = {
			isa = PBXFrameworksBuildPhase;
			buildActionMask = 2147483647;
			files = (
				EB3204C7E0D9C94CD92EE552 /* Pods_WebViewKit.framework in Frameworks */,
			);
			runOnlyForDeploymentPostprocessing = 0;
		};
		C952A7D127883299005715ED /* Frameworks */ = {
			isa = PBXFrameworksBuildPhase;
			buildActionMask = 2147483647;
			files = (
				FFC4FDE0CCC60CD03CFF5152 /* Pods_WebViewKitTests.framework in Frameworks */,
			);
			runOnlyForDeploymentPostprocessing = 0;
		};
		C952A7DB27883299005715ED /* Frameworks */ = {
			isa = PBXFrameworksBuildPhase;
			buildActionMask = 2147483647;
			files = (
				1F150E023AD7E705CF1EBA28 /* Pods_WebViewKit_WebViewKitUITests.framework in Frameworks */,
			);
			runOnlyForDeploymentPostprocessing = 0;
		};
/* End PBXFrameworksBuildPhase section */

/* Begin PBXGroup section */
		5FC91AC2D0E206540779B444 /* Pods */ = {
			isa = PBXGroup;
			children = (
				AFA361B5D514525997F0B07A /* Pods-WebViewKit.debug.xcconfig */,
				4620973E98E7B312A5E40728 /* Pods-WebViewKit.release.xcconfig */,
				C27F3FB5C54D9FE661A57B40 /* Pods-WebViewKit-WebViewKitUITests.debug.xcconfig */,
				086E82E1EB89395AC99D89A6 /* Pods-WebViewKit-WebViewKitUITests.release.xcconfig */,
				8A654283388361E153F98E1C /* Pods-WebViewKitTests.debug.xcconfig */,
				3E2253183D99790619F76F23 /* Pods-WebViewKitTests.release.xcconfig */,
			);
			path = Pods;
			sourceTree = "<group>";
		};
		C63D91250B14DD43B2F54D5D /* Frameworks */ = {
			isa = PBXGroup;
			children = (
				AAE1FE4660D858169392B1C1 /* Pods_WebViewKit.framework */,
				97D812FE7E4DA99AD364AFA1 /* Pods_WebViewKit_WebViewKitUITests.framework */,
				EA1E778AF57DE6389E15DEC2 /* Pods_WebViewKitTests.framework */,
			);
			name = Frameworks;
			sourceTree = "<group>";
		};
		C94CFF07278BC91D005816D7 /* common */ = {
			isa = PBXGroup;
			children = (
				C94CFF08278BC96F005816D7 /* Defines.swift */,
			);
			path = common;
			sourceTree = "<group>";
		};
		C94CFF0A278BCE57005816D7 /* ui */ = {
			isa = PBXGroup;
			children = (
				C94CFF0B278BCEA2005816D7 /* MainVC.swift */,
				C94CFF0D278BD42C005816D7 /* SplashVC.swift */,
			);
			path = ui;
			sourceTree = "<group>";
		};
		C94CFF0F278BEE88005816D7 /* Resource */ = {
			isa = PBXGroup;
			children = (
				C94CFF16278BFF65005816D7 /* a.jpg */,
				C94CFF12278BFDA2005816D7 /* ic_won.png */,
			);
			path = Resource;
			sourceTree = "<group>";
		};
		C952A7B527883297005715ED = {
			isa = PBXGroup;
			children = (
				C952A7C027883297005715ED /* WebViewKit */,
				C952A7D727883299005715ED /* WebViewKitTests */,
				C952A7E127883299005715ED /* WebViewKitUITests */,
				C952A7BF27883297005715ED /* Products */,
				5FC91AC2D0E206540779B444 /* Pods */,
				C63D91250B14DD43B2F54D5D /* Frameworks */,
			);
			sourceTree = "<group>";
		};
		C952A7BF27883297005715ED /* Products */ = {
			isa = PBXGroup;
			children = (
				C952A7BE27883297005715ED /* WebViewKit.app */,
				C952A7D427883299005715ED /* WebViewKitTests.xctest */,
				C952A7DE27883299005715ED /* WebViewKitUITests.xctest */,
			);
			name = Products;
			sourceTree = "<group>";
		};
		C952A7C027883297005715ED /* WebViewKit */ = {
			isa = PBXGroup;
			children = (
				C94CFF0F278BEE88005816D7 /* Resource */,
				C94CFF0A278BCE57005816D7 /* ui */,
				C94CFF07278BC91D005816D7 /* common */,
				C952A7C127883297005715ED /* AppDelegate.swift */,
				C952A7C327883297005715ED /* SceneDelegate.swift */,
				C952A7C727883297005715ED /* Main.storyboard */,
				C952A7CA27883299005715ED /* Assets.xcassets */,
				C952A7CC27883299005715ED /* LaunchScreen.storyboard */,
				C952A7CF27883299005715ED /* Info.plist */,
			);
			path = WebViewKit;
			sourceTree = "<group>";
		};
		C952A7D727883299005715ED /* WebViewKitTests */ = {
			isa = PBXGroup;
			children = (
				C952A7D827883299005715ED /* WebViewKitTests.swift */,
			);
			path = WebViewKitTests;
			sourceTree = "<group>";
		};
		C952A7E127883299005715ED /* WebViewKitUITests */ = {
			isa = PBXGroup;
			children = (
				C952A7E227883299005715ED /* WebViewKitUITests.swift */,
				C952A7E427883299005715ED /* WebViewKitUITestsLaunchTests.swift */,
			);
			path = WebViewKitUITests;
			sourceTree = "<group>";
		};
/* End PBXGroup section */

/* Begin PBXNativeTarget section */
		C952A7BD27883297005715ED /* WebViewKit */ = {
			isa = PBXNativeTarget;
			buildConfigurationList = C952A7E827883299005715ED /* Build configuration list for PBXNativeTarget "WebViewKit" */;
			buildPhases = (
				237991417AB8EFAAEA9902DB /* [CP] Check Pods Manifest.lock */,
				C952A7BA27883297005715ED /* Sources */,
				C952A7BB27883297005715ED /* Frameworks */,
				C952A7BC27883297005715ED /* Resources */,
				04C059A4BEB78734EAFC05C3 /* [CP] Embed Pods Frameworks */,
			);
			buildRules = (
			);
			dependencies = (
			);
			name = WebViewKit;
			productName = WebViewKit;
			productReference = C952A7BE27883297005715ED /* WebViewKit.app */;
			productType = "com.apple.product-type.application";
		};
		C952A7D327883299005715ED /* WebViewKitTests */ = {
			isa = PBXNativeTarget;
			buildConfigurationList = C952A7EB27883299005715ED /* Build configuration list for PBXNativeTarget "WebViewKitTests" */;
			buildPhases = (
				FB23A38A2793EB3F20F43032 /* [CP] Check Pods Manifest.lock */,
				C952A7D027883299005715ED /* Sources */,
				C952A7D127883299005715ED /* Frameworks */,
				C952A7D227883299005715ED /* Resources */,
			);
			buildRules = (
			);
			dependencies = (
				C952A7D627883299005715ED /* PBXTargetDependency */,
			);
			name = WebViewKitTests;
			productName = WebViewKitTests;
			productReference = C952A7D427883299005715ED /* WebViewKitTests.xctest */;
			productType = "com.apple.product-type.bundle.unit-test";
		};
		C952A7DD27883299005715ED /* WebViewKitUITests */ = {
			isa = PBXNativeTarget;
			buildConfigurationList = C952A7EE27883299005715ED /* Build configuration list for PBXNativeTarget "WebViewKitUITests" */;
			buildPhases = (
				D23E9E637163B658DBDAA21B /* [CP] Check Pods Manifest.lock */,
				C952A7DA27883299005715ED /* Sources */,
				C952A7DB27883299005715ED /* Frameworks */,
				C952A7DC27883299005715ED /* Resources */,
				28D3B7C44059956E07F48E9A /* [CP] Embed Pods Frameworks */,
			);
			buildRules = (
			);
			dependencies = (
				C952A7E027883299005715ED /* PBXTargetDependency */,
			);
			name = WebViewKitUITests;
			productName = WebViewKitUITests;
			productReference = C952A7DE27883299005715ED /* WebViewKitUITests.xctest */;
			productType = "com.apple.product-type.bundle.ui-testing";
		};
/* End PBXNativeTarget section */

/* Begin PBXProject section */
		C952A7B627883297005715ED /* Project object */ = {
			isa = PBXProject;
			attributes = {
				BuildIndependentTargetsInParallel = 1;
				LastSwiftUpdateCheck = 1310;
				LastUpgradeCheck = 1310;
				TargetAttributes = {
					C952A7BD27883297005715ED = {
						CreatedOnToolsVersion = 13.1;
					};
					C952A7D327883299005715ED = {
						CreatedOnToolsVersion = 13.1;
						TestTargetID = C952A7BD27883297005715ED;
					};
					C952A7DD27883299005715ED = {
						CreatedOnToolsVersion = 13.1;
						TestTargetID = C952A7BD27883297005715ED;
					};
				};
			};
			buildConfigurationList = C952A7B927883297005715ED /* Build configuration list for PBXProject "WebViewKit" */;
			compatibilityVersion = "Xcode 13.0";
			developmentRegion = en;
			hasScannedForEncodings = 0;
			knownRegions = (
				en,
				Base,
			);
			mainGroup = C952A7B527883297005715ED;
			productRefGroup = C952A7BF27883297005715ED /* Products */;
			projectDirPath = "";
			projectRoot = "";
			targets = (
				C952A7BD27883297005715ED /* WebViewKit */,
				C952A7D327883299005715ED /* WebViewKitTests */,
				C952A7DD27883299005715ED /* WebViewKitUITests */,
			);
		};
/* End PBXProject section */

/* Begin PBXResourcesBuildPhase section */
		C952A7BC27883297005715ED /* Resources */ = {
			isa = PBXResourcesBuildPhase;
			buildActionMask = 2147483647;
			files = (
				C94CFF13278BFDA2005816D7 /* ic_won.png in Resources */,
				C952A7CE27883299005715ED /* LaunchScreen.storyboard in Resources */,
				C952A7CB27883299005715ED /* Assets.xcassets in Resources */,
				C94CFF17278BFF65005816D7 /* a.jpg in Resources */,
				C952A7C927883297005715ED /* Main.storyboard in Resources */,
			);
			runOnlyForDeploymentPostprocessing = 0;
		};
		C952A7D227883299005715ED /* Resources */ = {
			isa = PBXResourcesBuildPhase;
			buildActionMask = 2147483647;
			files = (
			);
			runOnlyForDeploymentPostprocessing = 0;
		};
		C952A7DC27883299005715ED /* Resources */ = {
			isa = PBXResourcesBuildPhase;
			buildActionMask = 2147483647;
			files = (
			);
			runOnlyForDeploymentPostprocessing = 0;
		};
/* End PBXResourcesBuildPhase section */

/* Begin PBXShellScriptBuildPhase section */
		04C059A4BEB78734EAFC05C3 /* [CP] Embed Pods Frameworks */ = {
			isa = PBXShellScriptBuildPhase;
			buildActionMask = 2147483647;
			files = (
			);
			inputFileListPaths = (
				"${PODS_ROOT}/Target Support Files/Pods-WebViewKit/Pods-WebViewKit-frameworks-${CONFIGURATION}-input-files.xcfilelist",
			);
			name = "[CP] Embed Pods Frameworks";
			outputFileListPaths = (
				"${PODS_ROOT}/Target Support Files/Pods-WebViewKit/Pods-WebViewKit-frameworks-${CONFIGURATION}-output-files.xcfilelist",
			);
			runOnlyForDeploymentPostprocessing = 0;
			shellPath = /bin/sh;
			shellScript = "\"${PODS_ROOT}/Target Support Files/Pods-WebViewKit/Pods-WebViewKit-frameworks.sh\"\n";
			showEnvVarsInLog = 0;
		};
		237991417AB8EFAAEA9902DB /* [CP] Check Pods Manifest.lock */ = {
			isa = PBXShellScriptBuildPhase;
			buildActionMask = 2147483647;
			files = (
			);
			inputFileListPaths = (
			);
			inputPaths = (
				"${PODS_PODFILE_DIR_PATH}/Podfile.lock",
				"${PODS_ROOT}/Manifest.lock",
			);
			name = "[CP] Check Pods Manifest.lock";
			outputFileListPaths = (
			);
			outputPaths = (
				"$(DERIVED_FILE_DIR)/Pods-WebViewKit-checkManifestLockResult.txt",
			);
			runOnlyForDeploymentPostprocessing = 0;
			shellPath = /bin/sh;
			shellScript = "diff \"${PODS_PODFILE_DIR_PATH}/Podfile.lock\" \"${PODS_ROOT}/Manifest.lock\" > /dev/null\nif [ $? != 0 ] ; then\n    # print error to STDERR\n    echo \"error: The sandbox is not in sync with the Podfile.lock. Run 'pod install' or update your CocoaPods installation.\" >&2\n    exit 1\nfi\n# This output is used by Xcode 'outputs' to avoid re-running this script phase.\necho \"SUCCESS\" > \"${SCRIPT_OUTPUT_FILE_0}\"\n";
			showEnvVarsInLog = 0;
		};
		28D3B7C44059956E07F48E9A /* [CP] Embed Pods Frameworks */ = {
			isa = PBXShellScriptBuildPhase;
			buildActionMask = 2147483647;
			files = (
			);
			inputFileListPaths = (
				"${PODS_ROOT}/Target Support Files/Pods-WebViewKit-WebViewKitUITests/Pods-WebViewKit-WebViewKitUITests-frameworks-${CONFIGURATION}-input-files.xcfilelist",
			);
			name = "[CP] Embed Pods Frameworks";
			outputFileListPaths = (
				"${PODS_ROOT}/Target Support Files/Pods-WebViewKit-WebViewKitUITests/Pods-WebViewKit-WebViewKitUITests-frameworks-${CONFIGURATION}-output-files.xcfilelist",
			);
			runOnlyForDeploymentPostprocessing = 0;
			shellPath = /bin/sh;
			shellScript = "\"${PODS_ROOT}/Target Support Files/Pods-WebViewKit-WebViewKitUITests/Pods-WebViewKit-WebViewKitUITests-frameworks.sh\"\n";
			showEnvVarsInLog = 0;
		};
		D23E9E637163B658DBDAA21B /* [CP] Check Pods Manifest.lock */ = {
			isa = PBXShellScriptBuildPhase;
			buildActionMask = 2147483647;
			files = (
			);
			inputFileListPaths = (
			);
			inputPaths = (
				"${PODS_PODFILE_DIR_PATH}/Podfile.lock",
				"${PODS_ROOT}/Manifest.lock",
			);
			name = "[CP] Check Pods Manifest.lock";
			outputFileListPaths = (
			);
			outputPaths = (
				"$(DERIVED_FILE_DIR)/Pods-WebViewKit-WebViewKitUITests-checkManifestLockResult.txt",
			);
			runOnlyForDeploymentPostprocessing = 0;
			shellPath = /bin/sh;
			shellScript = "diff \"${PODS_PODFILE_DIR_PATH}/Podfile.lock\" \"${PODS_ROOT}/Manifest.lock\" > /dev/null\nif [ $? != 0 ] ; then\n    # print error to STDERR\n    echo \"error: The sandbox is not in sync with the Podfile.lock. Run 'pod install' or update your CocoaPods installation.\" >&2\n    exit 1\nfi\n# This output is used by Xcode 'outputs' to avoid re-running this script phase.\necho \"SUCCESS\" > \"${SCRIPT_OUTPUT_FILE_0}\"\n";
			showEnvVarsInLog = 0;
		};
		FB23A38A2793EB3F20F43032 /* [CP] Check Pods Manifest.lock */ = {
			isa = PBXShellScriptBuildPhase;
			buildActionMask = 2147483647;
			files = (
			);
			inputFileListPaths = (
			);
			inputPaths = (
				"${PODS_PODFILE_DIR_PATH}/Podfile.lock",
				"${PODS_ROOT}/Manifest.lock",
			);
			name = "[CP] Check Pods Manifest.lock";
			outputFileListPaths = (
			);
			outputPaths = (
				"$(DERIVED_FILE_DIR)/Pods-WebViewKitTests-checkManifestLockResult.txt",
			);
			runOnlyForDeploymentPostprocessing = 0;
			shellPath = /bin/sh;
			shellScript = "diff \"${PODS_PODFILE_DIR_PATH}/Podfile.lock\" \"${PODS_ROOT}/Manifest.lock\" > /dev/null\nif [ $? != 0 ] ; then\n    # print error to STDERR\n    echo \"error: The sandbox is not in sync with the Podfile.lock. Run 'pod install' or update your CocoaPods installation.\" >&2\n    exit 1\nfi\n# This output is used by Xcode 'outputs' to avoid re-running this script phase.\necho \"SUCCESS\" > \"${SCRIPT_OUTPUT_FILE_0}\"\n";
			showEnvVarsInLog = 0;
		};
/* End PBXShellScriptBuildPhase section */

/* Begin PBXSourcesBuildPhase section */
		C952A7BA27883297005715ED /* Sources */ = {
			isa = PBXSourcesBuildPhase;
			buildActionMask = 2147483647;
			files = (
				C94CFF0C278BCEA2005816D7 /* MainVC.swift in Sources */,
				C94CFF0E278BD42C005816D7 /* SplashVC.swift in Sources */,
				C952A7C227883297005715ED /* AppDelegate.swift in Sources */,
				C94CFF09278BC96F005816D7 /* Defines.swift in Sources */,
				C952A7C427883297005715ED /* SceneDelegate.swift in Sources */,
			);
			runOnlyForDeploymentPostprocessing = 0;
		};
		C952A7D027883299005715ED /* Sources */ = {
			isa = PBXSourcesBuildPhase;
			buildActionMask = 2147483647;
			files = (
				C952A7D927883299005715ED /* WebViewKitTests.swift in Sources */,
			);
			runOnlyForDeploymentPostprocessing = 0;
		};
		C952A7DA27883299005715ED /* Sources */ = {
			isa = PBXSourcesBuildPhase;
			buildActionMask = 2147483647;
			files = (
				C952A7E327883299005715ED /* WebViewKitUITests.swift in Sources */,
				C952A7E527883299005715ED /* WebViewKitUITestsLaunchTests.swift in Sources */,
			);
			runOnlyForDeploymentPostprocessing = 0;
		};
/* End PBXSourcesBuildPhase section */

/* Begin PBXTargetDependency section */
		C952A7D627883299005715ED /* PBXTargetDependency */ = {
			isa = PBXTargetDependency;
			target = C952A7BD27883297005715ED /* WebViewKit */;
			targetProxy = C952A7D527883299005715ED /* PBXContainerItemProxy */;
		};
		C952A7E027883299005715ED /* PBXTargetDependency */ = {
			isa = PBXTargetDependency;
			target = C952A7BD27883297005715ED /* WebViewKit */;
			targetProxy = C952A7DF27883299005715ED /* PBXContainerItemProxy */;
		};
/* End PBXTargetDependency section */

/* Begin PBXVariantGroup section */
		C952A7C727883297005715ED /* Main.storyboard */ = {
			isa = PBXVariantGroup;
			children = (
				C952A7C827883297005715ED /* Base */,
			);
			name = Main.storyboard;
			sourceTree = "<group>";
		};
		C952A7CC27883299005715ED /* LaunchScreen.storyboard */ = {
			isa = PBXVariantGroup;
			children = (
				C952A7CD27883299005715ED /* Base */,
			);
			name = LaunchScreen.storyboard;
			sourceTree = "<group>";
		};
/* End PBXVariantGroup section */

/* Begin XCBuildConfiguration section */
		C952A7E627883299005715ED /* Debug */ = {
			isa = XCBuildConfiguration;
			buildSettings = {
				ALWAYS_SEARCH_USER_PATHS = NO;
				CLANG_ANALYZER_NONNULL = YES;
				CLANG_ANALYZER_NUMBER_OBJECT_CONVERSION = YES_AGGRESSIVE;
				CLANG_CXX_LANGUAGE_STANDARD = "gnu++17";
				CLANG_CXX_LIBRARY = "libc++";
				CLANG_ENABLE_MODULES = YES;
				CLANG_ENABLE_OBJC_ARC = YES;
				CLANG_ENABLE_OBJC_WEAK = YES;
				CLANG_WARN_BLOCK_CAPTURE_AUTORELEASING = YES;
				CLANG_WARN_BOOL_CONVERSION = YES;
				CLANG_WARN_COMMA = YES;
				CLANG_WARN_CONSTANT_CONVERSION = YES;
				CLANG_WARN_DEPRECATED_OBJC_IMPLEMENTATIONS = YES;
				CLANG_WARN_DIRECT_OBJC_ISA_USAGE = YES_ERROR;
				CLANG_WARN_DOCUMENTATION_COMMENTS = YES;
				CLANG_WARN_EMPTY_BODY = YES;
				CLANG_WARN_ENUM_CONVERSION = YES;
				CLANG_WARN_INFINITE_RECURSION = YES;
				CLANG_WARN_INT_CONVERSION = YES;
				CLANG_WARN_NON_LITERAL_NULL_CONVERSION = YES;
				CLANG_WARN_OBJC_IMPLICIT_RETAIN_SELF = YES;
				CLANG_WARN_OBJC_LITERAL_CONVERSION = YES;
				CLANG_WARN_OBJC_ROOT_CLASS = YES_ERROR;
				CLANG_WARN_QUOTED_INCLUDE_IN_FRAMEWORK_HEADER = YES;
				CLANG_WARN_RANGE_LOOP_ANALYSIS = YES;
				CLANG_WARN_STRICT_PROTOTYPES = YES;
				CLANG_WARN_SUSPICIOUS_MOVE = YES;
				CLANG_WARN_UNGUARDED_AVAILABILITY = YES_AGGRESSIVE;
				CLANG_WARN_UNREACHABLE_CODE = YES;
				CLANG_WARN__DUPLICATE_METHOD_MATCH = YES;
				COPY_PHASE_STRIP = NO;
				DEBUG_INFORMATION_FORMAT = dwarf;
				ENABLE_STRICT_OBJC_MSGSEND = YES;
				ENABLE_TESTABILITY = YES;
				GCC_C_LANGUAGE_STANDARD = gnu11;
				GCC_DYNAMIC_NO_PIC = NO;
				GCC_NO_COMMON_BLOCKS = YES;
				GCC_OPTIMIZATION_LEVEL = 0;
				GCC_PREPROCESSOR_DEFINITIONS = (
					"DEBUG=1",
					"$(inherited)",
				);
				GCC_WARN_64_TO_32_BIT_CONVERSION = YES;
				GCC_WARN_ABOUT_RETURN_TYPE = YES_ERROR;
				GCC_WARN_UNDECLARED_SELECTOR = YES;
				GCC_WARN_UNINITIALIZED_AUTOS = YES_AGGRESSIVE;
				GCC_WARN_UNUSED_FUNCTION = YES;
				GCC_WARN_UNUSED_VARIABLE = YES;
				IPHONEOS_DEPLOYMENT_TARGET = 15.0;
				MTL_ENABLE_DEBUG_INFO = INCLUDE_SOURCE;
				MTL_FAST_MATH = YES;
				ONLY_ACTIVE_ARCH = YES;
				SDKROOT = iphoneos;
				SWIFT_ACTIVE_COMPILATION_CONDITIONS = DEBUG;
				SWIFT_OPTIMIZATION_LEVEL = "-Onone";
			};
			name = Debug;
		};
		C952A7E727883299005715ED /* Release */ = {
			isa = XCBuildConfiguration;
			buildSettings = {
				ALWAYS_SEARCH_USER_PATHS = NO;
				CLANG_ANALYZER_NONNULL = YES;
				CLANG_ANALYZER_NUMBER_OBJECT_CONVERSION = YES_AGGRESSIVE;
				CLANG_CXX_LANGUAGE_STANDARD = "gnu++17";
				CLANG_CXX_LIBRARY = "libc++";
				CLANG_ENABLE_MODULES = YES;
				CLANG_ENABLE_OBJC_ARC = YES;
				CLANG_ENABLE_OBJC_WEAK = YES;
				CLANG_WARN_BLOCK_CAPTURE_AUTORELEASING = YES;
				CLANG_WARN_BOOL_CONVERSION = YES;
				CLANG_WARN_COMMA = YES;
				CLANG_WARN_CONSTANT_CONVERSION = YES;
				CLANG_WARN_DEPRECATED_OBJC_IMPLEMENTATIONS = YES;
				CLANG_WARN_DIRECT_OBJC_ISA_USAGE = YES_ERROR;
				CLANG_WARN_DOCUMENTATION_COMMENTS = YES;
				CLANG_WARN_EMPTY_BODY = YES;
				CLANG_WARN_ENUM_CONVERSION = YES;
				CLANG_WARN_INFINITE_RECURSION = YES;
				CLANG_WARN_INT_CONVERSION = YES;
				CLANG_WARN_NON_LITERAL_NULL_CONVERSION = YES;
				CLANG_WARN_OBJC_IMPLICIT_RETAIN_SELF = YES;
				CLANG_WARN_OBJC_LITERAL_CONVERSION = YES;
				CLANG_WARN_OBJC_ROOT_CLASS = YES_ERROR;
				CLANG_WARN_QUOTED_INCLUDE_IN_FRAMEWORK_HEADER = YES;
				CLANG_WARN_RANGE_LOOP_ANALYSIS = YES;
				CLANG_WARN_STRICT_PROTOTYPES = YES;
				CLANG_WARN_SUSPICIOUS_MOVE = YES;
				CLANG_WARN_UNGUARDED_AVAILABILITY = YES_AGGRESSIVE;
				CLANG_WARN_UNREACHABLE_CODE = YES;
				CLANG_WARN__DUPLICATE_METHOD_MATCH = YES;
				COPY_PHASE_STRIP = NO;
				DEBUG_INFORMATION_FORMAT = "dwarf-with-dsym";
				ENABLE_NS_ASSERTIONS = NO;
				ENABLE_STRICT_OBJC_MSGSEND = YES;
				GCC_C_LANGUAGE_STANDARD = gnu11;
				GCC_NO_COMMON_BLOCKS = YES;
				GCC_WARN_64_TO_32_BIT_CONVERSION = YES;
				GCC_WARN_ABOUT_RETURN_TYPE = YES_ERROR;
				GCC_WARN_UNDECLARED_SELECTOR = YES;
				GCC_WARN_UNINITIALIZED_AUTOS = YES_AGGRESSIVE;
				GCC_WARN_UNUSED_FUNCTION = YES;
				GCC_WARN_UNUSED_VARIABLE = YES;
				IPHONEOS_DEPLOYMENT_TARGET = 15.0;
				MTL_ENABLE_DEBUG_INFO = NO;
				MTL_FAST_MATH = YES;
				SDKROOT = iphoneos;
				SWIFT_COMPILATION_MODE = wholemodule;
				SWIFT_OPTIMIZATION_LEVEL = "-O";
				VALIDATE_PRODUCT = YES;
			};
			name = Release;
		};
		C952A7E927883299005715ED /* Debug */ = {
			isa = XCBuildConfiguration;
			baseConfigurationReference = AFA361B5D514525997F0B07A /* Pods-WebViewKit.debug.xcconfig */;
			buildSettings = {
				ASSETCATALOG_COMPILER_APPICON_NAME = AppIcon;
				ASSETCATALOG_COMPILER_GLOBAL_ACCENT_COLOR_NAME = AccentColor;
				CODE_SIGN_STYLE = Automatic;
				CURRENT_PROJECT_VERSION = 1;
				GENERATE_INFOPLIST_FILE = YES;
				INFOPLIST_FILE = WebViewKit/Info.plist;
				INFOPLIST_KEY_UIApplicationSupportsIndirectInputEvents = YES;
				INFOPLIST_KEY_UILaunchStoryboardName = LaunchScreen;
				INFOPLIST_KEY_UIMainStoryboardFile = Main;
				INFOPLIST_KEY_UISupportedInterfaceOrientations = UIInterfaceOrientationPortrait;
				INFOPLIST_KEY_UISupportedInterfaceOrientations_iPad = "UIInterfaceOrientationPortrait UIInterfaceOrientationPortraitUpsideDown UIInterfaceOrientationLandscapeLeft UIInterfaceOrientationLandscapeRight";
				INFOPLIST_KEY_UISupportedInterfaceOrientations_iPhone = "UIInterfaceOrientationPortrait UIInterfaceOrientationLandscapeLeft UIInterfaceOrientationLandscapeRight";
				LD_RUNPATH_SEARCH_PATHS = (
					"$(inherited)",
					"@executable_path/Frameworks",
				);
				MARKETING_VERSION = 1.0;
				PRODUCT_BUNDLE_IDENTIFIER = com.yht.WebViewKit;
				PRODUCT_NAME = "$(TARGET_NAME)";
				SWIFT_EMIT_LOC_STRINGS = YES;
				SWIFT_VERSION = 5.0;
				TARGETED_DEVICE_FAMILY = 1;
			};
			name = Debug;
		};
		C952A7EA27883299005715ED /* Release */ = {
			isa = XCBuildConfiguration;
			baseConfigurationReference = 4620973E98E7B312A5E40728 /* Pods-WebViewKit.release.xcconfig */;
			buildSettings = {
				ASSETCATALOG_COMPILER_APPICON_NAME = AppIcon;
				ASSETCATALOG_COMPILER_GLOBAL_ACCENT_COLOR_NAME = AccentColor;
				CODE_SIGN_STYLE = Automatic;
				CURRENT_PROJECT_VERSION = 1;
				GENERATE_INFOPLIST_FILE = YES;
				INFOPLIST_FILE = WebViewKit/Info.plist;
				INFOPLIST_KEY_UIApplicationSupportsIndirectInputEvents = YES;
				INFOPLIST_KEY_UILaunchStoryboardName = LaunchScreen;
				INFOPLIST_KEY_UIMainStoryboardFile = Main;
				INFOPLIST_KEY_UISupportedInterfaceOrientations = UIInterfaceOrientationPortrait;
				INFOPLIST_KEY_UISupportedInterfaceOrientations_iPad = "UIInterfaceOrientationPortrait UIInterfaceOrientationPortraitUpsideDown UIInterfaceOrientationLandscapeLeft UIInterfaceOrientationLandscapeRight";
				INFOPLIST_KEY_UISupportedInterfaceOrientations_iPhone = "UIInterfaceOrientationPortrait UIInterfaceOrientationLandscapeLeft UIInterfaceOrientationLandscapeRight";
				LD_RUNPATH_SEARCH_PATHS = (
					"$(inherited)",
					"@executable_path/Frameworks",
				);
				MARKETING_VERSION = 1.0;
				PRODUCT_BUNDLE_IDENTIFIER = com.yht.WebViewKit;
				PRODUCT_NAME = "$(TARGET_NAME)";
				SWIFT_EMIT_LOC_STRINGS = YES;
				SWIFT_VERSION = 5.0;
				TARGETED_DEVICE_FAMILY = 1;
			};
			name = Release;
		};
		C952A7EC27883299005715ED /* Debug */ = {
			isa = XCBuildConfiguration;
			baseConfigurationReference = 8A654283388361E153F98E1C /* Pods-WebViewKitTests.debug.xcconfig */;
			buildSettings = {
				ALWAYS_EMBED_SWIFT_STANDARD_LIBRARIES = YES;
				BUNDLE_LOADER = "$(TEST_HOST)";
				CODE_SIGN_STYLE = Automatic;
				CURRENT_PROJECT_VERSION = 1;
				GENERATE_INFOPLIST_FILE = YES;
				IPHONEOS_DEPLOYMENT_TARGET = 15.0;
				LD_RUNPATH_SEARCH_PATHS = (
					"$(inherited)",
					"@executable_path/Frameworks",
					"@loader_path/Frameworks",
				);
				MARKETING_VERSION = 1.0;
				PRODUCT_BUNDLE_IDENTIFIER = com.yht.WebViewKitTests;
				PRODUCT_NAME = "$(TARGET_NAME)";
				SWIFT_EMIT_LOC_STRINGS = NO;
				SWIFT_VERSION = 5.0;
				TARGETED_DEVICE_FAMILY = "1,2";
				TEST_HOST = "$(BUILT_PRODUCTS_DIR)/WebViewKit.app/WebViewKit";
			};
			name = Debug;
		};
		C952A7ED27883299005715ED /* Release */ = {
			isa = XCBuildConfiguration;
			baseConfigurationReference = 3E2253183D99790619F76F23 /* Pods-WebViewKitTests.release.xcconfig */;
			buildSettings = {
				ALWAYS_EMBED_SWIFT_STANDARD_LIBRARIES = YES;
				BUNDLE_LOADER = "$(TEST_HOST)";
				CODE_SIGN_STYLE = Automatic;
				CURRENT_PROJECT_VERSION = 1;
				GENERATE_INFOPLIST_FILE = YES;
				IPHONEOS_DEPLOYMENT_TARGET = 15.0;
				LD_RUNPATH_SEARCH_PATHS = (
					"$(inherited)",
					"@executable_path/Frameworks",
					"@loader_path/Frameworks",
				);
				MARKETING_VERSION = 1.0;
				PRODUCT_BUNDLE_IDENTIFIER = com.yht.WebViewKitTests;
				PRODUCT_NAME = "$(TARGET_NAME)";
				SWIFT_EMIT_LOC_STRINGS = NO;
				SWIFT_VERSION = 5.0;
				TARGETED_DEVICE_FAMILY = "1,2";
				TEST_HOST = "$(BUILT_PRODUCTS_DIR)/WebViewKit.app/WebViewKit";
			};
			name = Release;
		};
		C952A7EF27883299005715ED /* Debug */ = {
			isa = XCBuildConfiguration;
			baseConfigurationReference = C27F3FB5C54D9FE661A57B40 /* Pods-WebViewKit-WebViewKitUITests.debug.xcconfig */;
			buildSettings = {
				ALWAYS_EMBED_SWIFT_STANDARD_LIBRARIES = YES;
				CODE_SIGN_STYLE = Automatic;
				CURRENT_PROJECT_VERSION = 1;
				GENERATE_INFOPLIST_FILE = YES;
				LD_RUNPATH_SEARCH_PATHS = (
					"$(inherited)",
					"@executable_path/Frameworks",
					"@loader_path/Frameworks",
				);
				MARKETING_VERSION = 1.0;
				PRODUCT_BUNDLE_IDENTIFIER = com.yht.WebViewKitUITests;
				PRODUCT_NAME = "$(TARGET_NAME)";
				SWIFT_EMIT_LOC_STRINGS = NO;
				SWIFT_VERSION = 5.0;
				TARGETED_DEVICE_FAMILY = "1,2";
				TEST_TARGET_NAME = WebViewKit;
			};
			name = Debug;
		};
		C952A7F027883299005715ED /* Release */ = {
			isa = XCBuildConfiguration;
			baseConfigurationReference = 086E82E1EB89395AC99D89A6 /* Pods-WebViewKit-WebViewKitUITests.release.xcconfig */;
			buildSettings = {
				ALWAYS_EMBED_SWIFT_STANDARD_LIBRARIES = YES;
				CODE_SIGN_STYLE = Automatic;
				CURRENT_PROJECT_VERSION = 1;
				GENERATE_INFOPLIST_FILE = YES;
				LD_RUNPATH_SEARCH_PATHS = (
					"$(inherited)",
					"@executable_path/Frameworks",
					"@loader_path/Frameworks",
				);
				MARKETING_VERSION = 1.0;
				PRODUCT_BUNDLE_IDENTIFIER = com.yht.WebViewKitUITests;
				PRODUCT_NAME = "$(TARGET_NAME)";
				SWIFT_EMIT_LOC_STRINGS = NO;
				SWIFT_VERSION = 5.0;
				TARGETED_DEVICE_FAMILY = "1,2";
				TEST_TARGET_NAME = WebViewKit;
			};
			name = Release;
		};
/* End XCBuildConfiguration section */

/* Begin XCConfigurationList section */
		C952A7B927883297005715ED /* Build configuration list for PBXProject "WebViewKit" */ = {
			isa = XCConfigurationList;
			buildConfigurations = (
				C952A7E627883299005715ED /* Debug */,
				C952A7E727883299005715ED /* Release */,
			);
			defaultConfigurationIsVisible = 0;
			defaultConfigurationName = Release;
		};
		C952A7E827883299005715ED /* Build configuration list for PBXNativeTarget "WebViewKit" */ = {
			isa = XCConfigurationList;
			buildConfigurations = (
				C952A7E927883299005715ED /* Debug */,
				C952A7EA27883299005715ED /* Release */,
			);
			defaultConfigurationIsVisible = 0;
			defaultConfigurationName = Release;
		};
		C952A7EB27883299005715ED /* Build configuration list for PBXNativeTarget "WebViewKitTests" */ = {
			isa = XCConfigurationList;
			buildConfigurations = (
				C952A7EC27883299005715ED /* Debug */,
				C952A7ED27883299005715ED /* Release */,
			);
			defaultConfigurationIsVisible = 0;
			defaultConfigurationName = Release;
		};
		C952A7EE27883299005715ED /* Build configuration list for PBXNativeTarget "WebViewKitUITests" */ = {
			isa = XCConfigurationList;
			buildConfigurations = (
				C952A7EF27883299005715ED /* Debug */,
				C952A7F027883299005715ED /* Release */,
			);
			defaultConfigurationIsVisible = 0;
			defaultConfigurationName = Release;
		};
/* End XCConfigurationList section */
	};
	rootObject = C952A7B627883297005715ED /* Project object */;
}
